// !$*UTF8*$!
{
	archiveVersion = 1;
	classes = {
	};
	objectVersion = 53;
	objects = {

/* Begin PBXBuildFile section */
		9F21EE5C24F5ABA800F3805D /* AppDelegate.swift in Sources */ = {isa = PBXBuildFile; fileRef = 9F21EE5B24F5ABA800F3805D /* AppDelegate.swift */; };
		9F21EE5E24F5ABA800F3805D /* SceneDelegate.swift in Sources */ = {isa = PBXBuildFile; fileRef = 9F21EE5D24F5ABA800F3805D /* SceneDelegate.swift */; };
		9F21EE6224F5ABA900F3805D /* Assets.xcassets in Resources */ = {isa = PBXBuildFile; fileRef = 9F21EE6124F5ABA900F3805D /* Assets.xcassets */; };
		9F21EE6524F5ABA900F3805D /* Preview Assets.xcassets in Resources */ = {isa = PBXBuildFile; fileRef = 9F21EE6424F5ABA900F3805D /* Preview Assets.xcassets */; };
		9F21EE6824F5ABA900F3805D /* LaunchScreen.storyboard in Resources */ = {isa = PBXBuildFile; fileRef = 9F21EE6624F5ABA900F3805D /* LaunchScreen.storyboard */; };
		9F2C99C224F6E8A400E05D04 /* Element.swift in Sources */ = {isa = PBXBuildFile; fileRef = 9F2C99C124F6E8A400E05D04 /* Element.swift */; };
		9FA67FCF250CD7CE00FE060C /* ElementQuizViewModel.swift in Sources */ = {isa = PBXBuildFile; fileRef = 9FA67FCE250CD7CE00FE060C /* ElementQuizViewModel.swift */; };
		9FA67FD1250CD8DC00FE060C /* ContentView.swift in Sources */ = {isa = PBXBuildFile; fileRef = 9FA67FD0250CD8DC00FE060C /* ContentView.swift */; };
		9FC3CB7224F8D69E0090A49E /* ElementTagView.swift in Sources */ = {isa = PBXBuildFile; fileRef = 9FC3CB7124F8D69E0090A49E /* ElementTagView.swift */; };
/* End PBXBuildFile section */

/* Begin PBXFileReference section */
		9F21EE5824F5ABA800F3805D /* ElementQuiz.app */ = {isa = PBXFileReference; explicitFileType = wrapper.application; includeInIndex = 0; path = ElementQuiz.app; sourceTree = BUILT_PRODUCTS_DIR; };
		9F21EE5B24F5ABA800F3805D /* AppDelegate.swift */ = {isa = PBXFileReference; lastKnownFileType = sourcecode.swift; path = AppDelegate.swift; sourceTree = "<group>"; };
		9F21EE5D24F5ABA800F3805D /* SceneDelegate.swift */ = {isa = PBXFileReference; lastKnownFileType = sourcecode.swift; path = SceneDelegate.swift; sourceTree = "<group>"; };
		9F21EE5F24F5ABA800F3805D /* ContentView.swift */ = {isa = PBXFileReference; lastKnownFileType = sourcecode.swift; path = ContentView.swift; sourceTree = "<group>"; };
		9F21EE6124F5ABA900F3805D /* Assets.xcassets */ = {isa = PBXFileReference; lastKnownFileType = folder.assetcatalog; path = Assets.xcassets; sourceTree = "<group>"; };
		9F21EE6424F5ABA900F3805D /* Preview Assets.xcassets */ = {isa = PBXFileReference; lastKnownFileType = folder.assetcatalog; path = "Preview Assets.xcassets"; sourceTree = "<group>"; };
		9F21EE6724F5ABA900F3805D /* Base */ = {isa = PBXFileReference; lastKnownFileType = file.storyboard; name = Base; path = Base.lproj/LaunchScreen.storyboard; sourceTree = "<group>"; };
		9F21EE6924F5ABA900F3805D /* Info.plist */ = {isa = PBXFileReference; lastKnownFileType = text.plist.xml; path = Info.plist; sourceTree = "<group>"; };
		9F2C99C124F6E8A400E05D04 /* Element.swift */ = {isa = PBXFileReference; lastKnownFileType = sourcecode.swift; path = Element.swift; sourceTree = "<group>"; };
		9F2C99C324F6EC2200E05D04 /* ElementViewModel.swift */ = {isa = PBXFileReference; lastKnownFileType = sourcecode.swift; path = ElementViewModel.swift; sourceTree = "<group>"; };
		9FA67FCE250CD7CE00FE060C /* ElementQuizViewModel.swift */ = {isa = PBXFileReference; lastKnownFileType = sourcecode.swift; path = ElementQuizViewModel.swift; sourceTree = "<group>"; };
		9FA67FD0250CD8DC00FE060C /* ContentView.swift */ = {isa = PBXFileReference; lastKnownFileType = sourcecode.swift; path = ContentView.swift; sourceTree = "<group>"; };
		9FC3CB7124F8D69E0090A49E /* ElementTagView.swift */ = {isa = PBXFileReference; lastKnownFileType = sourcecode.swift; path = ElementTagView.swift; sourceTree = "<group>"; };
/* End PBXFileReference section */

/* Begin PBXFrameworksBuildPhase section */
		9F21EE5524F5ABA800F3805D /* Frameworks */ = {
			isa = PBXFrameworksBuildPhase;
			buildActionMask = 2147483647;
			files = (
			);
			runOnlyForDeploymentPostprocessing = 0;
		};
/* End PBXFrameworksBuildPhase section */

/* Begin PBXGroup section */
		9F21EE4F24F5ABA800F3805D = {
			isa = PBXGroup;
			children = (
				9FA67FCD250CD49D00FE060C /* Backup */,
				9F21EE5A24F5ABA800F3805D /* ElementQuiz */,
				9F21EE5924F5ABA800F3805D /* Products */,
			);
			sourceTree = "<group>";
		};
		9F21EE5924F5ABA800F3805D /* Products */ = {
			isa = PBXGroup;
			children = (
				9F21EE5824F5ABA800F3805D /* ElementQuiz.app */,
			);
			name = Products;
			sourceTree = "<group>";
		};
		9F21EE5A24F5ABA800F3805D /* ElementQuiz */ = {
			isa = PBXGroup;
			children = (
				9F21EE5B24F5ABA800F3805D /* AppDelegate.swift */,
				9F21EE5D24F5ABA800F3805D /* SceneDelegate.swift */,
				9FA67FD0250CD8DC00FE060C /* ContentView.swift */,
				9FC3CB7124F8D69E0090A49E /* ElementTagView.swift */,
				9FA67FCE250CD7CE00FE060C /* ElementQuizViewModel.swift */,
				9F2C99C124F6E8A400E05D04 /* Element.swift */,
				9F21EE6124F5ABA900F3805D /* Assets.xcassets */,
				9F21EE6624F5ABA900F3805D /* LaunchScreen.storyboard */,
				9F21EE6924F5ABA900F3805D /* Info.plist */,
				9F21EE6324F5ABA900F3805D /* Preview Content */,
			);
			path = ElementQuiz;
			sourceTree = "<group>";
		};
		9F21EE6324F5ABA900F3805D /* Preview Content */ = {
			isa = PBXGroup;
			children = (
				9F21EE6424F5ABA900F3805D /* Preview Assets.xcassets */,
			);
			path = "Preview Content";
			sourceTree = "<group>";
		};
		9FA67FCD250CD49D00FE060C /* Backup */ = {
			isa = PBXGroup;
			children = (
				9F2C99C324F6EC2200E05D04 /* ElementViewModel.swift */,
				9F21EE5F24F5ABA800F3805D /* ContentView.swift */,
			);
			path = Backup;
			sourceTree = "<group>";
		};
/* End PBXGroup section */

/* Begin PBXNativeTarget section */
		9F21EE5724F5ABA800F3805D /* ElementQuiz */ = {
			isa = PBXNativeTarget;
			buildConfigurationList = 9F21EE6C24F5ABA900F3805D /* Build configuration list for PBXNativeTarget "ElementQuiz" */;
			buildPhases = (
				9F21EE5424F5ABA800F3805D /* Sources */,
				9F21EE5524F5ABA800F3805D /* Frameworks */,
				9F21EE5624F5ABA800F3805D /* Resources */,
			);
			buildRules = (
			);
			dependencies = (
			);
			name = ElementQuiz;
			productName = ElementQuiz;
			productReference = 9F21EE5824F5ABA800F3805D /* ElementQuiz.app */;
			productType = "com.apple.product-type.application";
		};
/* End PBXNativeTarget section */

/* Begin PBXProject section */
		9F21EE5024F5ABA800F3805D /* Project object */ = {
			isa = PBXProject;
			attributes = {
				LastSwiftUpdateCheck = 1160;
				LastUpgradeCheck = 1160;
				ORGANIZATIONNAME = macForce.one;
				TargetAttributes = {
					9F21EE5724F5ABA800F3805D = {
						CreatedOnToolsVersion = 11.6;
					};
				};
			};
			buildConfigurationList = 9F21EE5324F5ABA800F3805D /* Build configuration list for PBXProject "ElementQuiz" */;
			compatibilityVersion = "Xcode 11.4";
			developmentRegion = en;
			hasScannedForEncodings = 0;
			knownRegions = (
				en,
				Base,
			);
			mainGroup = 9F21EE4F24F5ABA800F3805D;
			productRefGroup = 9F21EE5924F5ABA800F3805D /* Products */;
			projectDirPath = "";
			projectRoot = "";
			targets = (
				9F21EE5724F5ABA800F3805D /* ElementQuiz */,
			);
		};
/* End PBXProject section */

/* Begin PBXResourcesBuildPhase section */
		9F21EE5624F5ABA800F3805D /* Resources */ = {
			isa = PBXResourcesBuildPhase;
			buildActionMask = 2147483647;
			files = (
				9F21EE6824F5ABA900F3805D /* LaunchScreen.storyboard in Resources */,
				9F21EE6524F5ABA900F3805D /* Preview Assets.xcassets in Resources */,
				9F21EE6224F5ABA900F3805D /* Assets.xcassets in Resources */,
			);
			runOnlyForDeploymentPostprocessing = 0;
		};
/* End PBXResourcesBuildPhase section */

/* Begin PBXSourcesBuildPhase section */
		9F21EE5424F5ABA800F3805D /* Sources */ = {
			isa = PBXSourcesBuildPhase;
			buildActionMask = 2147483647;
			files = (
				9F21EE5C24F5ABA800F3805D /* AppDelegate.swift in Sources */,
				9F21EE5E24F5ABA800F3805D /* SceneDelegate.swift in Sources */,
				9FA67FD1250CD8DC00FE060C /* ContentView.swift in Sources */,
				9FC3CB7224F8D69E0090A49E /* ElementTagView.swift in Sources */,
				9FA67FCF250CD7CE00FE060C /* ElementQuizViewModel.swift in Sources */,
				9F2C99C224F6E8A400E05D04 /* Element.swift in Sources */,
			);
			runOnlyForDeploymentPostprocessing = 0;
		};
/* End PBXSourcesBuildPhase section */

/* Begin PBXVariantGroup section */
		9F21EE6624F5ABA900F3805D /* LaunchScreen.storyboard */ = {
			isa = PBXVariantGroup;
			children = (
				9F21EE6724F5ABA900F3805D /* Base */,
			);
			name = LaunchScreen.storyboard;
			sourceTree = "<group>";
		};
/* End PBXVariantGroup section */

/* Begin XCBuildConfiguration section */
		9F21EE6A24F5ABA900F3805D /* Debug */ = {
			isa = XCBuildConfiguration;
			buildSettings = {
				ALWAYS_SEARCH_USER_PATHS = NO;
				CLANG_ANALYZER_NONNULL = YES;
				CLANG_ANALYZER_NUMBER_OBJECT_CONVERSION = YES_AGGRESSIVE;
				CLANG_CXX_LANGUAGE_STANDARD = "gnu++14";
				CLANG_CXX_LIBRARY = "libc++";
				CLANG_ENABLE_MODULES = YES;
				CLANG_ENABLE_OBJC_ARC = YES;
				CLANG_ENABLE_OBJC_WEAK = YES;
				CLANG_WARN_BLOCK_CAPTURE_AUTORELEASING = YES;
				CLANG_WARN_BOOL_CONVERSION = YES;
				CLANG_WARN_COMMA = YES;
				CLANG_WARN_CONSTANT_CONVERSION = YES;
				CLANG_WARN_DEPRECATED_OBJC_IMPLEMENTATIONS = YES;
				CLANG_WARN_DIRECT_OBJC_ISA_USAGE = YES_ERROR;
				CLANG_WARN_DOCUMENTATION_COMMENTS = YES;
				CLANG_WARN_EMPTY_BODY = YES;
				CLANG_WARN_ENUM_CONVERSION = YES;
				CLANG_WARN_INFINITE_RECURSION = YES;
				CLANG_WARN_INT_CONVERSION = YES;
				CLANG_WARN_NON_LITERAL_NULL_CONVERSION = YES;
				CLANG_WARN_OBJC_IMPLICIT_RETAIN_SELF = YES;
				CLANG_WARN_OBJC_LITERAL_CONVERSION = YES;
				CLANG_WARN_OBJC_ROOT_CLASS = YES_ERROR;
				CLANG_WARN_RANGE_LOOP_ANALYSIS = YES;
				CLANG_WARN_STRICT_PROTOTYPES = YES;
				CLANG_WARN_SUSPICIOUS_MOVE = YES;
				CLANG_WARN_UNGUARDED_AVAILABILITY = YES_AGGRESSIVE;
				CLANG_WARN_UNREACHABLE_CODE = YES;
				CLANG_WARN__DUPLICATE_METHOD_MATCH = YES;
				COPY_PHASE_STRIP = NO;
				DEBUG_INFORMATION_FORMAT = dwarf;
				ENABLE_STRICT_OBJC_MSGSEND = YES;
				ENABLE_TESTABILITY = YES;
				GCC_C_LANGUAGE_STANDARD = gnu11;
				GCC_DYNAMIC_NO_PIC = NO;
				GCC_NO_COMMON_BLOCKS = YES;
				GCC_OPTIMIZATION_LEVEL = 0;
				GCC_PREPROCESSOR_DEFINITIONS = (
					"DEBUG=1",
					"$(inherited)",
				);
				GCC_WARN_64_TO_32_BIT_CONVERSION = YES;
				GCC_WARN_ABOUT_RETURN_TYPE = YES_ERROR;
				GCC_WARN_UNDECLARED_SELECTOR = YES;
				GCC_WARN_UNINITIALIZED_AUTOS = YES_AGGRESSIVE;
				GCC_WARN_UNUSED_FUNCTION = YES;
				GCC_WARN_UNUSED_VARIABLE = YES;
				IPHONEOS_DEPLOYMENT_TARGET = 13.6;
				MTL_ENABLE_DEBUG_INFO = INCLUDE_SOURCE;
				MTL_FAST_MATH = YES;
				ONLY_ACTIVE_ARCH = YES;
				SDKROOT = iphoneos;
				SWIFT_ACTIVE_COMPILATION_CONDITIONS = DEBUG;
				SWIFT_OPTIMIZATION_LEVEL = "-Onone";
			};
			name = Debug;
		};
		9F21EE6B24F5ABA900F3805D /* Release */ = {
			isa = XCBuildConfiguration;
			buildSettings = {
				ALWAYS_SEARCH_USER_PATHS = NO;
				CLANG_ANALYZER_NONNULL = YES;
				CLANG_ANALYZER_NUMBER_OBJECT_CONVERSION = YES_AGGRESSIVE;
				CLANG_CXX_LANGUAGE_STANDARD = "gnu++14";
				CLANG_CXX_LIBRARY = "libc++";
				CLANG_ENABLE_MODULES = YES;
				CLANG_ENABLE_OBJC_ARC = YES;
				CLANG_ENABLE_OBJC_WEAK = YES;
				CLANG_WARN_BLOCK_CAPTURE_AUTORELEASING = YES;
				CLANG_WARN_BOOL_CONVERSION = YES;
				CLANG_WARN_COMMA = YES;
				CLANG_WARN_CONSTANT_CONVERSION = YES;
				CLANG_WARN_DEPRECATED_OBJC_IMPLEMENTATIONS = YES;
				CLANG_WARN_DIRECT_OBJC_ISA_USAGE = YES_ERROR;
				CLANG_WARN_DOCUMENTATION_COMMENTS = YES;
				CLANG_WARN_EMPTY_BODY = YES;
				CLANG_WARN_ENUM_CONVERSION = YES;
				CLANG_WARN_INFINITE_RECURSION = YES;
				CLANG_WARN_INT_CONVERSION = YES;
				CLANG_WARN_NON_LITERAL_NULL_CONVERSION = YES;
				CLANG_WARN_OBJC_IMPLICIT_RETAIN_SELF = YES;
				CLANG_WARN_OBJC_LITERAL_CONVERSION = YES;
				CLANG_WARN_OBJC_ROOT_CLASS = YES_ERROR;
				CLANG_WARN_RANGE_LOOP_ANALYSIS = YES;
				CLANG_WARN_STRICT_PROTOTYPES = YES;
				CLANG_WARN_SUSPICIOUS_MOVE = YES;
				CLANG_WARN_UNGUARDED_AVAILABILITY = YES_AGGRESSIVE;
				CLANG_WARN_UNREACHABLE_CODE = YES;
				CLANG_WARN__DUPLICATE_METHOD_MATCH = YES;
				COPY_PHASE_STRIP = NO;
				DEBUG_INFORMATION_FORMAT = "dwarf-with-dsym";
				ENABLE_NS_ASSERTIONS = NO;
				ENABLE_STRICT_OBJC_MSGSEND = YES;
				GCC_C_LANGUAGE_STANDARD = gnu11;
				GCC_NO_COMMON_BLOCKS = YES;
				GCC_WARN_64_TO_32_BIT_CONVERSION = YES;
				GCC_WARN_ABOUT_RETURN_TYPE = YES_ERROR;
				GCC_WARN_UNDECLARED_SELECTOR = YES;
				GCC_WARN_UNINITIALIZED_AUTOS = YES_AGGRESSIVE;
				GCC_WARN_UNUSED_FUNCTION = YES;
				GCC_WARN_UNUSED_VARIABLE = YES;
				IPHONEOS_DEPLOYMENT_TARGET = 13.6;
				MTL_ENABLE_DEBUG_INFO = NO;
				MTL_FAST_MATH = YES;
				SDKROOT = iphoneos;
				SWIFT_COMPILATION_MODE = wholemodule;
				SWIFT_OPTIMIZATION_LEVEL = "-O";
				VALIDATE_PRODUCT = YES;
			};
			name = Release;
		};
		9F21EE6D24F5ABA900F3805D /* Debug */ = {
			isa = XCBuildConfiguration;
			buildSettings = {
				ASSETCATALOG_COMPILER_APPICON_NAME = AppIcon;
				CODE_SIGN_STYLE = Automatic;
				DEVELOPMENT_ASSET_PATHS = "\"ElementQuiz/Preview Content\"";
				DEVELOPMENT_TEAM = JCQ8RQ8D68;
				ENABLE_PREVIEWS = YES;
				INFOPLIST_FILE = ElementQuiz/Info.plist;
				LD_RUNPATH_SEARCH_PATHS = (
					"$(inherited)",
					"@executable_path/Frameworks",
				);
				PRODUCT_BUNDLE_IDENTIFIER = one.macforce.ElementQuiz;
				PRODUCT_NAME = "$(TARGET_NAME)";
				SWIFT_VERSION = 5.0;
				TARGETED_DEVICE_FAMILY = "1,2";
			};
			name = Debug;
		};
		9F21EE6E24F5ABA900F3805D /* Release */ = {
			isa = XCBuildConfiguration;
			buildSettings = {
				ASSETCATALOG_COMPILER_APPICON_NAME = AppIcon;
				CODE_SIGN_STYLE = Automatic;
				DEVELOPMENT_ASSET_PATHS = "\"ElementQuiz/Preview Content\"";
				DEVELOPMENT_TEAM = JCQ8RQ8D68;
				ENABLE_PREVIEWS = YES;
				INFOPLIST_FILE = ElementQuiz/Info.plist;
				LD_RUNPATH_SEARCH_PATHS = (
					"$(inherited)",
					"@executable_path/Frameworks",
				);
				PRODUCT_BUNDLE_IDENTIFIER = one.macforce.ElementQuiz;
				PRODUCT_NAME = "$(TARGET_NAME)";
				SWIFT_VERSION = 5.0;
				TARGETED_DEVICE_FAMILY = "1,2";
			};
			name = Release;
		};
/* End XCBuildConfiguration section */

/* Begin XCConfigurationList section */
		9F21EE5324F5ABA800F3805D /* Build configuration list for PBXProject "ElementQuiz" */ = {
			isa = XCConfigurationList;
			buildConfigurations = (
				9F21EE6A24F5ABA900F3805D /* Debug */,
				9F21EE6B24F5ABA900F3805D /* Release */,
			);
			defaultConfigurationIsVisible = 0;
			defaultConfigurationName = Release;
		};
		9F21EE6C24F5ABA900F3805D /* Build configuration list for PBXNativeTarget "ElementQuiz" */ = {
			isa = XCConfigurationList;
			buildConfigurations = (
				9F21EE6D24F5ABA900F3805D /* Debug */,
				9F21EE6E24F5ABA900F3805D /* Release */,
			);
			defaultConfigurationIsVisible = 0;
			defaultConfigurationName = Release;
		};
/* End XCConfigurationList section */
	};
	rootObject = 9F21EE5024F5ABA800F3805D /* Project object */;
}
